
Microsoft Visual Studio Solution File, Format Version 12.00
# Visual Studio Version 17
VisualStudioVersion = 17.11.35208.52
MinimumVisualStudioVersion = 10.0.40219.1
Project("{FAE04EC0-301F-11D3-BF4B-00C04F79EFBC}") = "añobisiesto", "añobisiesto.csproj", "{54E9D6D6-0165-4F8F-B60B-D0D06547E33F}"
EndProject
Global
	GlobalSection(SolutionConfigurationPlatforms) = preSolution
		Debug|Any CPU = Debug|Any CPU
		Release|Any CPU = Release|Any CPU
	EndGlobalSection
	GlobalSection(ProjectConfigurationPlatforms) = postSolution
		{54E9D6D6-0165-4F8F-B60B-D0D06547E33F}.Debug|Any CPU.ActiveCfg = Debug|Any CPU
		{54E9D6D6-0165-4F8F-B60B-D0D06547E33F}.Debug|Any CPU.Build.0 = Debug|Any CPU
		{54E9D6D6-0165-4F8F-B60B-D0D06547E33F}.Release|Any CPU.ActiveCfg = Release|Any CPU
		{54E9D6D6-0165-4F8F-B60B-D0D06547E33F}.Release|Any CPU.Build.0 = Release|Any CPU
	EndGlobalSection
	GlobalSection(SolutionProperties) = preSolution
		HideSolutionNode = FALSE
	EndGlobalSection
	GlobalSection(ExtensibilityGlobals) = postSolution
		SolutionGuid = {24BC5221-C9FF-4F1F-BE60-6451BFF422AE}
	EndGlobalSection
EndGlobal
