
Microsoft Visual Studio Solution File, Format Version 12.00
# Visual Studio Version 17
VisualStudioVersion = 17.11.35208.52
MinimumVisualStudioVersion = 10.0.40219.1
Project("{FAE04EC0-301F-11D3-BF4B-00C04F79EFBC}") = "curso_grafico", "curso_grafico\curso_grafico.csproj", "{84F99AA1-11E2-4C6C-87B2-01EDFA4FD949}"
EndProject
Global
	GlobalSection(SolutionConfigurationPlatforms) = preSolution
		Debug|Any CPU = Debug|Any CPU
		Release|Any CPU = Release|Any CPU
	EndGlobalSection
	GlobalSection(ProjectConfigurationPlatforms) = postSolution
		{84F99AA1-11E2-4C6C-87B2-01EDFA4FD949}.Debug|Any CPU.ActiveCfg = Debug|Any CPU
		{84F99AA1-11E2-4C6C-87B2-01EDFA4FD949}.Debug|Any CPU.Build.0 = Debug|Any CPU
		{84F99AA1-11E2-4C6C-87B2-01EDFA4FD949}.Release|Any CPU.ActiveCfg = Release|Any CPU
		{84F99AA1-11E2-4C6C-87B2-01EDFA4FD949}.Release|Any CPU.Build.0 = Release|Any CPU
	EndGlobalSection
	GlobalSection(SolutionProperties) = preSolution
		HideSolutionNode = FALSE
	EndGlobalSection
	GlobalSection(ExtensibilityGlobals) = postSolution
		SolutionGuid = {4B479D52-E155-4E99-82F5-A67661A4CAA8}
	EndGlobalSection
EndGlobal
