
Microsoft Visual Studio Solution File, Format Version 12.00
# Visual Studio Version 17
VisualStudioVersion = 17.11.35208.52
MinimumVisualStudioVersion = 10.0.40219.1
Project("{FAE04EC0-301F-11D3-BF4B-00C04F79EFBC}") = "Evaluar_Calificacion", "Evaluar_Calificacion.csproj", "{2440CDD4-BA61-425A-9E8B-06DACB26C815}"
EndProject
Global
	GlobalSection(SolutionConfigurationPlatforms) = preSolution
		Debug|Any CPU = Debug|Any CPU
		Release|Any CPU = Release|Any CPU
	EndGlobalSection
	GlobalSection(ProjectConfigurationPlatforms) = postSolution
		{2440CDD4-BA61-425A-9E8B-06DACB26C815}.Debug|Any CPU.ActiveCfg = Debug|Any CPU
		{2440CDD4-BA61-425A-9E8B-06DACB26C815}.Debug|Any CPU.Build.0 = Debug|Any CPU
		{2440CDD4-BA61-425A-9E8B-06DACB26C815}.Release|Any CPU.ActiveCfg = Release|Any CPU
		{2440CDD4-BA61-425A-9E8B-06DACB26C815}.Release|Any CPU.Build.0 = Release|Any CPU
	EndGlobalSection
	GlobalSection(SolutionProperties) = preSolution
		HideSolutionNode = FALSE
	EndGlobalSection
	GlobalSection(ExtensibilityGlobals) = postSolution
		SolutionGuid = {E4089B76-BAD7-43D1-A60E-778CEB81A886}
	EndGlobalSection
EndGlobal
